
Microsoft Visual Studio Solution File, Format Version 12.00
# Visual Studio Version 17
VisualStudioVersion = 17.11.35312.102
MinimumVisualStudioVersion = 10.0.40219.1
Project("{FAE04EC0-301F-11D3-BF4B-00C04F79EFBC}") = "Homework2.2", "Homework2.2\Homework2.2.csproj", "{B1BE79C8-9FB4-4A19-95D1-D993EAC455C2}"
EndProject
Global
	GlobalSection(SolutionConfigurationPlatforms) = preSolution
		Debug|Any CPU = Debug|Any CPU
		Release|Any CPU = Release|Any CPU
	EndGlobalSection
	GlobalSection(ProjectConfigurationPlatforms) = postSolution
		{B1BE79C8-9FB4-4A19-95D1-D993EAC455C2}.Debug|Any CPU.ActiveCfg = Debug|Any CPU
		{B1BE79C8-9FB4-4A19-95D1-D993EAC455C2}.Debug|Any CPU.Build.0 = Debug|Any CPU
		{B1BE79C8-9FB4-4A19-95D1-D993EAC455C2}.Release|Any CPU.ActiveCfg = Release|Any CPU
		{B1BE79C8-9FB4-4A19-95D1-D993EAC455C2}.Release|Any CPU.Build.0 = Release|Any CPU
	EndGlobalSection
	GlobalSection(SolutionProperties) = preSolution
		HideSolutionNode = FALSE
	EndGlobalSection
	GlobalSection(ExtensibilityGlobals) = postSolution
		SolutionGuid = {68965DF5-E96F-46C3-852E-5991D8E35B1F}
	EndGlobalSection
EndGlobal
